
Microsoft Visual Studio Solution File, Format Version 12.00
# Visual Studio Version 17
VisualStudioVersion = 17.5.002.0
MinimumVisualStudioVersion = 10.0.40219.1
Project("{9A19103F-16F7-4668-BE54-9A1E7A4F7556}") = "MyCourse", "MyCourse.csproj", "{BEB3A03E-B153-40AB-8EBC-E426EF0EE3D1}"
EndProject
Global
	GlobalSection(SolutionConfigurationPlatforms) = preSolution
		Debug|Any CPU = Debug|Any CPU
		Release|Any CPU = Release|Any CPU
	EndGlobalSection
	GlobalSection(ProjectConfigurationPlatforms) = postSolution
		{BEB3A03E-B153-40AB-8EBC-E426EF0EE3D1}.Debug|Any CPU.ActiveCfg = Debug|Any CPU
		{BEB3A03E-B153-40AB-8EBC-E426EF0EE3D1}.Debug|Any CPU.Build.0 = Debug|Any CPU
		{BEB3A03E-B153-40AB-8EBC-E426EF0EE3D1}.Release|Any CPU.ActiveCfg = Release|Any CPU
		{BEB3A03E-B153-40AB-8EBC-E426EF0EE3D1}.Release|Any CPU.Build.0 = Release|Any CPU
	EndGlobalSection
	GlobalSection(SolutionProperties) = preSolution
		HideSolutionNode = FALSE
	EndGlobalSection
	GlobalSection(ExtensibilityGlobals) = postSolution
		SolutionGuid = {753E02AE-9511-4D62-90F6-7907B0600BAA}
	EndGlobalSection
EndGlobal
